metadata:
  version: "1.0"
artifacts:
  - download_url: https://indy.corp.redhat.com/api/content/maven/hosted/pnc-builds/com/ibm/watson/model-mesh/0.4.2.managedsvc-redhat-02093/model-mesh-0.4.2.managedsvc-redhat-02093.zip
    checksum: sha256:0f33da3b8cb52334a68e5fa7a7b5f76c48e6c09e768f926a972f6f606ff5dd3c
